// !$*UTF8*$!
{
	archiveVersion = 1;
	classes = {
	};
	objectVersion = 46;
	objects = {

/* Begin PBXBuildFile section */
		34FEB97D1DC863B700FEC2A4 /* main.m in Sources */ = {isa = PBXBuildFile; fileRef = 34FEB97C1DC863B700FEC2A4 /* main.m */; };
		34FEB9801DC863B700FEC2A4 /* AppDelegate.m in Sources */ = {isa = PBXBuildFile; fileRef = 34FEB97F1DC863B700FEC2A4 /* AppDelegate.m */; };
		34FEB9831DC863B700FEC2A4 /* ViewController.m in Sources */ = {isa = PBXBuildFile; fileRef = 34FEB9821DC863B700FEC2A4 /* ViewController.m */; };
		34FEB9861DC863B700FEC2A4 /* Main.storyboard in Resources */ = {isa = PBXBuildFile; fileRef = 34FEB9841DC863B700FEC2A4 /* Main.storyboard */; };
		34FEB9881DC863B700FEC2A4 /* Assets.xcassets in Resources */ = {isa = PBXBuildFile; fileRef = 34FEB9871DC863B700FEC2A4 /* Assets.xcassets */; };
		34FEB98B1DC863B700FEC2A4 /* LaunchScreen.storyboard in Resources */ = {isa = PBXBuildFile; fileRef = 34FEB9891DC863B700FEC2A4 /* LaunchScreen.storyboard */; };
		34FEB9951DC86C8B00FEC2A4 /* LZXThread.m in Sources */ = {isa = PBXBuildFile; fileRef = 34FEB9941DC86C8B00FEC2A4 /* LZXThread.m */; };
/* End PBXBuildFile section */

/* Begin PBXFileReference section */
		34FEB9781DC863B700FEC2A4 /* LZXThread.app */ = {isa = PBXFileReference; explicitFileType = wrapper.application; includeInIndex = 0; path = LZXThread.app; sourceTree = BUILT_PRODUCTS_DIR; };
		34FEB97C1DC863B700FEC2A4 /* main.m */ = {isa = PBXFileReference; lastKnownFileType = sourcecode.c.objc; path = main.m; sourceTree = "<group>"; };
		34FEB97E1DC863B700FEC2A4 /* AppDelegate.h */ = {isa = PBXFileReference; lastKnownFileType = sourcecode.c.h; path = AppDelegate.h; sourceTree = "<group>"; };
		34FEB97F1DC863B700FEC2A4 /* AppDelegate.m */ = {isa = PBXFileReference; lastKnownFileType = sourcecode.c.objc; path = AppDelegate.m; sourceTree = "<group>"; };
		34FEB9811DC863B700FEC2A4 /* ViewController.h */ = {isa = PBXFileReference; lastKnownFileType = sourcecode.c.h; path = ViewController.h; sourceTree = "<group>"; };
		34FEB9821DC863B700FEC2A4 /* ViewController.m */ = {isa = PBXFileReference; lastKnownFileType = sourcecode.c.objc; path = ViewController.m; sourceTree = "<group>"; };
		34FEB9851DC863B700FEC2A4 /* Base */ = {isa = PBXFileReference; lastKnownFileType = file.storyboard; name = Base; path = Base.lproj/Main.storyboard; sourceTree = "<group>"; };
		34FEB9871DC863B700FEC2A4 /* Assets.xcassets */ = {isa = PBXFileReference; lastKnownFileType = folder.assetcatalog; path = Assets.xcassets; sourceTree = "<group>"; };
		34FEB98A1DC863B700FEC2A4 /* Base */ = {isa = PBXFileReference; lastKnownFileType = file.storyboard; name = Base; path = Base.lproj/LaunchScreen.storyboard; sourceTree = "<group>"; };
		34FEB98C1DC863B700FEC2A4 /* Info.plist */ = {isa = PBXFileReference; lastKnownFileType = text.plist.xml; path = Info.plist; sourceTree = "<group>"; };
		34FEB9931DC86C8B00FEC2A4 /* LZXThread.h */ = {isa = PBXFileReference; fileEncoding = 4; lastKnownFileType = sourcecode.c.h; path = LZXThread.h; sourceTree = "<group>"; };
		34FEB9941DC86C8B00FEC2A4 /* LZXThread.m */ = {isa = PBXFileReference; fileEncoding = 4; lastKnownFileType = sourcecode.c.objc; path = LZXThread.m; sourceTree = "<group>"; };
/* End PBXFileReference section */

/* Begin PBXFrameworksBuildPhase section */
		34FEB9751DC863B700FEC2A4 /* Frameworks */ = {
			isa = PBXFrameworksBuildPhase;
			buildActionMask = 2147483647;
			files = (
			);
			runOnlyForDeploymentPostprocessing = 0;
		};
/* End PBXFrameworksBuildPhase section */

/* Begin PBXGroup section */
		34FEB96F1DC863B700FEC2A4 = {
			isa = PBXGroup;
			children = (
				34FEB97A1DC863B700FEC2A4 /* LZXThread */,
				34FEB9791DC863B700FEC2A4 /* Products */,
			);
			sourceTree = "<group>";
		};
		34FEB9791DC863B700FEC2A4 /* Products */ = {
			isa = PBXGroup;
			children = (
				34FEB9781DC863B700FEC2A4 /* LZXThread.app */,
			);
			name = Products;
			sourceTree = "<group>";
		};
		34FEB97A1DC863B700FEC2A4 /* LZXThread */ = {
			isa = PBXGroup;
			children = (
				34FEB9961DC86C9000FEC2A4 /* LZXThread */,
				34FEB97E1DC863B700FEC2A4 /* AppDelegate.h */,
				34FEB97F1DC863B700FEC2A4 /* AppDelegate.m */,
				34FEB9811DC863B700FEC2A4 /* ViewController.h */,
				34FEB9821DC863B700FEC2A4 /* ViewController.m */,
				34FEB9841DC863B700FEC2A4 /* Main.storyboard */,
				34FEB9871DC863B700FEC2A4 /* Assets.xcassets */,
				34FEB9891DC863B700FEC2A4 /* LaunchScreen.storyboard */,
				34FEB98C1DC863B700FEC2A4 /* Info.plist */,
				34FEB97B1DC863B700FEC2A4 /* Supporting Files */,
			);
			path = LZXThread;
			sourceTree = "<group>";
		};
		34FEB97B1DC863B700FEC2A4 /* Supporting Files */ = {
			isa = PBXGroup;
			children = (
				34FEB97C1DC863B700FEC2A4 /* main.m */,
			);
			name = "Supporting Files";
			sourceTree = "<group>";
		};
		34FEB9961DC86C9000FEC2A4 /* LZXThread */ = {
			isa = PBXGroup;
			children = (
				34FEB9931DC86C8B00FEC2A4 /* LZXThread.h */,
				34FEB9941DC86C8B00FEC2A4 /* LZXThread.m */,
			);
			name = LZXThread;
			sourceTree = "<group>";
		};
/* End PBXGroup section */

/* Begin PBXNativeTarget section */
		34FEB9771DC863B700FEC2A4 /* LZXThread */ = {
			isa = PBXNativeTarget;
			buildConfigurationList = 34FEB98F1DC863B700FEC2A4 /* Build configuration list for PBXNativeTarget "LZXThread" */;
			buildPhases = (
				34FEB9741DC863B700FEC2A4 /* Sources */,
				34FEB9751DC863B700FEC2A4 /* Frameworks */,
				34FEB9761DC863B700FEC2A4 /* Resources */,
			);
			buildRules = (
			);
			dependencies = (
			);
			name = LZXThread;
			productName = LZXThread;
			productReference = 34FEB9781DC863B700FEC2A4 /* LZXThread.app */;
			productType = "com.apple.product-type.application";
		};
/* End PBXNativeTarget section */

/* Begin PBXProject section */
		34FEB9701DC863B700FEC2A4 /* Project object */ = {
			isa = PBXProject;
			attributes = {
				LastUpgradeCheck = 0810;
				ORGANIZATIONNAME = "海底捞";
				TargetAttributes = {
					34FEB9771DC863B700FEC2A4 = {
						CreatedOnToolsVersion = 8.1;
						DevelopmentTeam = J6554N9927;
						ProvisioningStyle = Automatic;
					};
				};
			};
			buildConfigurationList = 34FEB9731DC863B700FEC2A4 /* Build configuration list for PBXProject "LZXThread" */;
			compatibilityVersion = "Xcode 3.2";
			developmentRegion = English;
			hasScannedForEncodings = 0;
			knownRegions = (
				en,
				Base,
			);
			mainGroup = 34FEB96F1DC863B700FEC2A4;
			productRefGroup = 34FEB9791DC863B700FEC2A4 /* Products */;
			projectDirPath = "";
			projectRoot = "";
			targets = (
				34FEB9771DC863B700FEC2A4 /* LZXThread */,
			);
		};
/* End PBXProject section */

/* Begin PBXResourcesBuildPhase section */
		34FEB9761DC863B700FEC2A4 /* Resources */ = {
			isa = PBXResourcesBuildPhase;
			buildActionMask = 2147483647;
			files = (
				34FEB98B1DC863B700FEC2A4 /* LaunchScreen.storyboard in Resources */,
				34FEB9881DC863B700FEC2A4 /* Assets.xcassets in Resources */,
				34FEB9861DC863B700FEC2A4 /* Main.storyboard in Resources */,
			);
			runOnlyForDeploymentPostprocessing = 0;
		};
/* End PBXResourcesBuildPhase section */

/* Begin PBXSourcesBuildPhase section */
		34FEB9741DC863B700FEC2A4 /* Sources */ = {
			isa = PBXSourcesBuildPhase;
			buildActionMask = 2147483647;
			files = (
				34FEB9951DC86C8B00FEC2A4 /* LZXThread.m in Sources */,
				34FEB9831DC863B700FEC2A4 /* ViewController.m in Sources */,
				34FEB9801DC863B700FEC2A4 /* AppDelegate.m in Sources */,
				34FEB97D1DC863B700FEC2A4 /* main.m in Sources */,
			);
			runOnlyForDeploymentPostprocessing = 0;
		};
/* End PBXSourcesBuildPhase section */

/* Begin PBXVariantGroup section */
		34FEB9841DC863B700FEC2A4 /* Main.storyboard */ = {
			isa = PBXVariantGroup;
			children = (
				34FEB9851DC863B700FEC2A4 /* Base */,
			);
			name = Main.storyboard;
			sourceTree = "<group>";
		};
		34FEB9891DC863B700FEC2A4 /* LaunchScreen.storyboard */ = {
			isa = PBXVariantGroup;
			children = (
				34FEB98A1DC863B700FEC2A4 /* Base */,
			);
			name = LaunchScreen.storyboard;
			sourceTree = "<group>";
		};
/* End PBXVariantGroup section */

/* Begin XCBuildConfiguration section */
		34FEB98D1DC863B700FEC2A4 /* Debug */ = {
			isa = XCBuildConfiguration;
			buildSettings = {
				ALWAYS_SEARCH_USER_PATHS = NO;
				CLANG_ANALYZER_NONNULL = YES;
				CLANG_CXX_LANGUAGE_STANDARD = "gnu++0x";
				CLANG_CXX_LIBRARY = "libc++";
				CLANG_ENABLE_MODULES = YES;
				CLANG_ENABLE_OBJC_ARC = YES;
				CLANG_WARN_BOOL_CONVERSION = YES;
				CLANG_WARN_CONSTANT_CONVERSION = YES;
				CLANG_WARN_DIRECT_OBJC_ISA_USAGE = YES_ERROR;
				CLANG_WARN_DOCUMENTATION_COMMENTS = YES;
				CLANG_WARN_EMPTY_BODY = YES;
				CLANG_WARN_ENUM_CONVERSION = YES;
				CLANG_WARN_INFINITE_RECURSION = YES;
				CLANG_WARN_INT_CONVERSION = YES;
				CLANG_WARN_OBJC_ROOT_CLASS = YES_ERROR;
				CLANG_WARN_SUSPICIOUS_MOVES = YES;
				CLANG_WARN_UNREACHABLE_CODE = YES;
				CLANG_WARN__DUPLICATE_METHOD_MATCH = YES;
				"CODE_SIGN_IDENTITY[sdk=iphoneos*]" = "iPhone Developer";
				COPY_PHASE_STRIP = NO;
				DEBUG_INFORMATION_FORMAT = dwarf;
				ENABLE_STRICT_OBJC_MSGSEND = YES;
				ENABLE_TESTABILITY = YES;
				GCC_C_LANGUAGE_STANDARD = gnu99;
				GCC_DYNAMIC_NO_PIC = NO;
				GCC_NO_COMMON_BLOCKS = YES;
				GCC_OPTIMIZATION_LEVEL = 0;
				GCC_PREPROCESSOR_DEFINITIONS = (
					"DEBUG=1",
					"$(inherited)",
				);
				GCC_WARN_64_TO_32_BIT_CONVERSION = YES;
				GCC_WARN_ABOUT_RETURN_TYPE = YES_ERROR;
				GCC_WARN_UNDECLARED_SELECTOR = YES;
				GCC_WARN_UNINITIALIZED_AUTOS = YES_AGGRESSIVE;
				GCC_WARN_UNUSED_FUNCTION = YES;
				GCC_WARN_UNUSED_VARIABLE = YES;
				IPHONEOS_DEPLOYMENT_TARGET = 10.1;
				MTL_ENABLE_DEBUG_INFO = YES;
				ONLY_ACTIVE_ARCH = YES;
				SDKROOT = iphoneos;
			};
			name = Debug;
		};
		34FEB98E1DC863B700FEC2A4 /* Release */ = {
			isa = XCBuildConfiguration;
			buildSettings = {
				ALWAYS_SEARCH_USER_PATHS = NO;
				CLANG_ANALYZER_NONNULL = YES;
				CLANG_CXX_LANGUAGE_STANDARD = "gnu++0x";
				CLANG_CXX_LIBRARY = "libc++";
				CLANG_ENABLE_MODULES = YES;
				CLANG_ENABLE_OBJC_ARC = YES;
				CLANG_WARN_BOOL_CONVERSION = YES;
				CLANG_WARN_CONSTANT_CONVERSION = YES;
				CLANG_WARN_DIRECT_OBJC_ISA_USAGE = YES_ERROR;
				CLANG_WARN_DOCUMENTATION_COMMENTS = YES;
				CLANG_WARN_EMPTY_BODY = YES;
				CLANG_WARN_ENUM_CONVERSION = YES;
				CLANG_WARN_INFINITE_RECURSION = YES;
				CLANG_WARN_INT_CONVERSION = YES;
				CLANG_WARN_OBJC_ROOT_CLASS = YES_ERROR;
				CLANG_WARN_SUSPICIOUS_MOVES = YES;
				CLANG_WARN_UNREACHABLE_CODE = YES;
				CLANG_WARN__DUPLICATE_METHOD_MATCH = YES;
				"CODE_SIGN_IDENTITY[sdk=iphoneos*]" = "iPhone Developer";
				COPY_PHASE_STRIP = NO;
				DEBUG_INFORMATION_FORMAT = "dwarf-with-dsym";
				ENABLE_NS_ASSERTIONS = NO;
				ENABLE_STRICT_OBJC_MSGSEND = YES;
				GCC_C_LANGUAGE_STANDARD = gnu99;
				GCC_NO_COMMON_BLOCKS = YES;
				GCC_WARN_64_TO_32_BIT_CONVERSION = YES;
				GCC_WARN_ABOUT_RETURN_TYPE = YES_ERROR;
				GCC_WARN_UNDECLARED_SELECTOR = YES;
				GCC_WARN_UNINITIALIZED_AUTOS = YES_AGGRESSIVE;
				GCC_WARN_UNUSED_FUNCTION = YES;
				GCC_WARN_UNUSED_VARIABLE = YES;
				IPHONEOS_DEPLOYMENT_TARGET = 10.1;
				MTL_ENABLE_DEBUG_INFO = NO;
				SDKROOT = iphoneos;
				VALIDATE_PRODUCT = YES;
			};
			name = Release;
		};
		34FEB9901DC863B700FEC2A4 /* Debug */ = {
			isa = XCBuildConfiguration;
			buildSettings = {
				ASSETCATALOG_COMPILER_APPICON_NAME = AppIcon;
				DEVELOPMENT_TEAM = J6554N9927;
				INFOPLIST_FILE = LZXThread/Info.plist;
				LD_RUNPATH_SEARCH_PATHS = "$(inherited) @executable_path/Frameworks";
				PRODUCT_BUNDLE_IDENTIFIER = com.hdl.LZXThread;
				PRODUCT_NAME = "$(TARGET_NAME)";
			};
			name = Debug;
		};
		34FEB9911DC863B700FEC2A4 /* Release */ = {
			isa = XCBuildConfiguration;
			buildSettings = {
				ASSETCATALOG_COMPILER_APPICON_NAME = AppIcon;
				DEVELOPMENT_TEAM = J6554N9927;
				INFOPLIST_FILE = LZXThread/Info.plist;
				LD_RUNPATH_SEARCH_PATHS = "$(inherited) @executable_path/Frameworks";
				PRODUCT_BUNDLE_IDENTIFIER = com.hdl.LZXThread;
				PRODUCT_NAME = "$(TARGET_NAME)";
			};
			name = Release;
		};
/* End XCBuildConfiguration section */

/* Begin XCConfigurationList section */
		34FEB9731DC863B700FEC2A4 /* Build configuration list for PBXProject "LZXThread" */ = {
			isa = XCConfigurationList;
			buildConfigurations = (
				34FEB98D1DC863B700FEC2A4 /* Debug */,
				34FEB98E1DC863B700FEC2A4 /* Release */,
			);
			defaultConfigurationIsVisible = 0;
			defaultConfigurationName = Release;
		};
		34FEB98F1DC863B700FEC2A4 /* Build configuration list for PBXNativeTarget "LZXThread" */ = {
			isa = XCConfigurationList;
			buildConfigurations = (
				34FEB9901DC863B700FEC2A4 /* Debug */,
				34FEB9911DC863B700FEC2A4 /* Release */,
			);
			defaultConfigurationIsVisible = 0;
		};
/* End XCConfigurationList section */
	};
	rootObject = 34FEB9701DC863B700FEC2A4 /* Project object */;
}
