// !$*UTF8*$!
{
	archiveVersion = 1;
	classes = {
	};
	objectVersion = 46;
	objects = {

/* Begin PBXBuildFile section */
		3450E7731DC9AEA1006DED95 /* main.m in Sources */ = {isa = PBXBuildFile; fileRef = 3450E7721DC9AEA1006DED95 /* main.m */; };
		3450E7761DC9AEA1006DED95 /* AppDelegate.m in Sources */ = {isa = PBXBuildFile; fileRef = 3450E7751DC9AEA1006DED95 /* AppDelegate.m */; };
		3450E7791DC9AEA1006DED95 /* ViewController.m in Sources */ = {isa = PBXBuildFile; fileRef = 3450E7781DC9AEA1006DED95 /* ViewController.m */; };
		3450E77C1DC9AEA1006DED95 /* Main.storyboard in Resources */ = {isa = PBXBuildFile; fileRef = 3450E77A1DC9AEA1006DED95 /* Main.storyboard */; };
		3450E77E1DC9AEA1006DED95 /* Assets.xcassets in Resources */ = {isa = PBXBuildFile; fileRef = 3450E77D1DC9AEA1006DED95 /* Assets.xcassets */; };
		3450E7811DC9AEA1006DED95 /* LaunchScreen.storyboard in Resources */ = {isa = PBXBuildFile; fileRef = 3450E77F1DC9AEA1006DED95 /* LaunchScreen.storyboard */; };
		3450E78F1DC9AFF1006DED95 /* LZXThread.m in Sources */ = {isa = PBXBuildFile; fileRef = 3450E78E1DC9AFF1006DED95 /* LZXThread.m */; };
/* End PBXBuildFile section */

/* Begin PBXFileReference section */
		3450E76E1DC9AEA0006DED95 /* LZXThreadDemo.app */ = {isa = PBXFileReference; explicitFileType = wrapper.application; includeInIndex = 0; path = LZXThreadDemo.app; sourceTree = BUILT_PRODUCTS_DIR; };
		3450E7721DC9AEA1006DED95 /* main.m */ = {isa = PBXFileReference; lastKnownFileType = sourcecode.c.objc; path = main.m; sourceTree = "<group>"; };
		3450E7741DC9AEA1006DED95 /* AppDelegate.h */ = {isa = PBXFileReference; lastKnownFileType = sourcecode.c.h; path = AppDelegate.h; sourceTree = "<group>"; };
		3450E7751DC9AEA1006DED95 /* AppDelegate.m */ = {isa = PBXFileReference; lastKnownFileType = sourcecode.c.objc; path = AppDelegate.m; sourceTree = "<group>"; };
		3450E7771DC9AEA1006DED95 /* ViewController.h */ = {isa = PBXFileReference; lastKnownFileType = sourcecode.c.h; path = ViewController.h; sourceTree = "<group>"; };
		3450E7781DC9AEA1006DED95 /* ViewController.m */ = {isa = PBXFileReference; lastKnownFileType = sourcecode.c.objc; path = ViewController.m; sourceTree = "<group>"; };
		3450E77B1DC9AEA1006DED95 /* Base */ = {isa = PBXFileReference; lastKnownFileType = file.storyboard; name = Base; path = Base.lproj/Main.storyboard; sourceTree = "<group>"; };
		3450E77D1DC9AEA1006DED95 /* Assets.xcassets */ = {isa = PBXFileReference; lastKnownFileType = folder.assetcatalog; path = Assets.xcassets; sourceTree = "<group>"; };
		3450E7801DC9AEA1006DED95 /* Base */ = {isa = PBXFileReference; lastKnownFileType = file.storyboard; name = Base; path = Base.lproj/LaunchScreen.storyboard; sourceTree = "<group>"; };
		3450E7821DC9AEA1006DED95 /* Info.plist */ = {isa = PBXFileReference; lastKnownFileType = text.plist.xml; path = Info.plist; sourceTree = "<group>"; };
		3450E78D1DC9AFF1006DED95 /* LZXThread.h */ = {isa = PBXFileReference; fileEncoding = 4; lastKnownFileType = sourcecode.c.h; path = LZXThread.h; sourceTree = "<group>"; };
		3450E78E1DC9AFF1006DED95 /* LZXThread.m */ = {isa = PBXFileReference; fileEncoding = 4; lastKnownFileType = sourcecode.c.objc; path = LZXThread.m; sourceTree = "<group>"; };
/* End PBXFileReference section */

/* Begin PBXFrameworksBuildPhase section */
		3450E76B1DC9AEA0006DED95 /* Frameworks */ = {
			isa = PBXFrameworksBuildPhase;
			buildActionMask = 2147483647;
			files = (
			);
			runOnlyForDeploymentPostprocessing = 0;
		};
/* End PBXFrameworksBuildPhase section */

/* Begin PBXGroup section */
		3450E7651DC9AEA0006DED95 = {
			isa = PBXGroup;
			children = (
				3450E78C1DC9AFF1006DED95 /* LZXThread */,
				3450E7701DC9AEA0006DED95 /* LZXThreadDemo */,
				3450E76F1DC9AEA0006DED95 /* Products */,
			);
			sourceTree = "<group>";
		};
		3450E76F1DC9AEA0006DED95 /* Products */ = {
			isa = PBXGroup;
			children = (
				3450E76E1DC9AEA0006DED95 /* LZXThreadDemo.app */,
			);
			name = Products;
			sourceTree = "<group>";
		};
		3450E7701DC9AEA0006DED95 /* LZXThreadDemo */ = {
			isa = PBXGroup;
			children = (
				3450E7741DC9AEA1006DED95 /* AppDelegate.h */,
				3450E7751DC9AEA1006DED95 /* AppDelegate.m */,
				3450E7771DC9AEA1006DED95 /* ViewController.h */,
				3450E7781DC9AEA1006DED95 /* ViewController.m */,
				3450E77A1DC9AEA1006DED95 /* Main.storyboard */,
				3450E77D1DC9AEA1006DED95 /* Assets.xcassets */,
				3450E77F1DC9AEA1006DED95 /* LaunchScreen.storyboard */,
				3450E7821DC9AEA1006DED95 /* Info.plist */,
				3450E7711DC9AEA0006DED95 /* Supporting Files */,
			);
			path = LZXThreadDemo;
			sourceTree = "<group>";
		};
		3450E7711DC9AEA0006DED95 /* Supporting Files */ = {
			isa = PBXGroup;
			children = (
				3450E7721DC9AEA1006DED95 /* main.m */,
			);
			name = "Supporting Files";
			sourceTree = "<group>";
		};
		3450E78C1DC9AFF1006DED95 /* LZXThread */ = {
			isa = PBXGroup;
			children = (
				3450E78D1DC9AFF1006DED95 /* LZXThread.h */,
				3450E78E1DC9AFF1006DED95 /* LZXThread.m */,
			);
			name = LZXThread;
			path = ../LZXThread;
			sourceTree = "<group>";
		};
/* End PBXGroup section */

/* Begin PBXNativeTarget section */
		3450E76D1DC9AEA0006DED95 /* LZXThreadDemo */ = {
			isa = PBXNativeTarget;
			buildConfigurationList = 3450E7851DC9AEA1006DED95 /* Build configuration list for PBXNativeTarget "LZXThreadDemo" */;
			buildPhases = (
				3450E76A1DC9AEA0006DED95 /* Sources */,
				3450E76B1DC9AEA0006DED95 /* Frameworks */,
				3450E76C1DC9AEA0006DED95 /* Resources */,
			);
			buildRules = (
			);
			dependencies = (
			);
			name = LZXThreadDemo;
			productName = LZXThreadDemo;
			productReference = 3450E76E1DC9AEA0006DED95 /* LZXThreadDemo.app */;
			productType = "com.apple.product-type.application";
		};
/* End PBXNativeTarget section */

/* Begin PBXProject section */
		3450E7661DC9AEA0006DED95 /* Project object */ = {
			isa = PBXProject;
			attributes = {
				LastUpgradeCheck = 0810;
				ORGANIZATIONNAME = "海底捞";
				TargetAttributes = {
					3450E76D1DC9AEA0006DED95 = {
						CreatedOnToolsVersion = 8.1;
						DevelopmentTeam = J6554N9927;
						ProvisioningStyle = Automatic;
					};
				};
			};
			buildConfigurationList = 3450E7691DC9AEA0006DED95 /* Build configuration list for PBXProject "LZXThreadDemo" */;
			compatibilityVersion = "Xcode 3.2";
			developmentRegion = English;
			hasScannedForEncodings = 0;
			knownRegions = (
				en,
				Base,
			);
			mainGroup = 3450E7651DC9AEA0006DED95;
			productRefGroup = 3450E76F1DC9AEA0006DED95 /* Products */;
			projectDirPath = "";
			projectRoot = "";
			targets = (
				3450E76D1DC9AEA0006DED95 /* LZXThreadDemo */,
			);
		};
/* End PBXProject section */

/* Begin PBXResourcesBuildPhase section */
		3450E76C1DC9AEA0006DED95 /* Resources */ = {
			isa = PBXResourcesBuildPhase;
			buildActionMask = 2147483647;
			files = (
				3450E7811DC9AEA1006DED95 /* LaunchScreen.storyboard in Resources */,
				3450E77E1DC9AEA1006DED95 /* Assets.xcassets in Resources */,
				3450E77C1DC9AEA1006DED95 /* Main.storyboard in Resources */,
			);
			runOnlyForDeploymentPostprocessing = 0;
		};
/* End PBXResourcesBuildPhase section */

/* Begin PBXSourcesBuildPhase section */
		3450E76A1DC9AEA0006DED95 /* Sources */ = {
			isa = PBXSourcesBuildPhase;
			buildActionMask = 2147483647;
			files = (
				3450E78F1DC9AFF1006DED95 /* LZXThread.m in Sources */,
				3450E7791DC9AEA1006DED95 /* ViewController.m in Sources */,
				3450E7761DC9AEA1006DED95 /* AppDelegate.m in Sources */,
				3450E7731DC9AEA1006DED95 /* main.m in Sources */,
			);
			runOnlyForDeploymentPostprocessing = 0;
		};
/* End PBXSourcesBuildPhase section */

/* Begin PBXVariantGroup section */
		3450E77A1DC9AEA1006DED95 /* Main.storyboard */ = {
			isa = PBXVariantGroup;
			children = (
				3450E77B1DC9AEA1006DED95 /* Base */,
			);
			name = Main.storyboard;
			sourceTree = "<group>";
		};
		3450E77F1DC9AEA1006DED95 /* LaunchScreen.storyboard */ = {
			isa = PBXVariantGroup;
			children = (
				3450E7801DC9AEA1006DED95 /* Base */,
			);
			name = LaunchScreen.storyboard;
			sourceTree = "<group>";
		};
/* End PBXVariantGroup section */

/* Begin XCBuildConfiguration section */
		3450E7831DC9AEA1006DED95 /* Debug */ = {
			isa = XCBuildConfiguration;
			buildSettings = {
				ALWAYS_SEARCH_USER_PATHS = NO;
				CLANG_ANALYZER_NONNULL = YES;
				CLANG_CXX_LANGUAGE_STANDARD = "gnu++0x";
				CLANG_CXX_LIBRARY = "libc++";
				CLANG_ENABLE_MODULES = YES;
				CLANG_ENABLE_OBJC_ARC = YES;
				CLANG_WARN_BOOL_CONVERSION = YES;
				CLANG_WARN_CONSTANT_CONVERSION = YES;
				CLANG_WARN_DIRECT_OBJC_ISA_USAGE = YES_ERROR;
				CLANG_WARN_DOCUMENTATION_COMMENTS = YES;
				CLANG_WARN_EMPTY_BODY = YES;
				CLANG_WARN_ENUM_CONVERSION = YES;
				CLANG_WARN_INFINITE_RECURSION = YES;
				CLANG_WARN_INT_CONVERSION = YES;
				CLANG_WARN_OBJC_ROOT_CLASS = YES_ERROR;
				CLANG_WARN_SUSPICIOUS_MOVES = YES;
				CLANG_WARN_UNREACHABLE_CODE = YES;
				CLANG_WARN__DUPLICATE_METHOD_MATCH = YES;
				"CODE_SIGN_IDENTITY[sdk=iphoneos*]" = "iPhone Developer";
				COPY_PHASE_STRIP = NO;
				DEBUG_INFORMATION_FORMAT = dwarf;
				ENABLE_STRICT_OBJC_MSGSEND = YES;
				ENABLE_TESTABILITY = YES;
				GCC_C_LANGUAGE_STANDARD = gnu99;
				GCC_DYNAMIC_NO_PIC = NO;
				GCC_NO_COMMON_BLOCKS = YES;
				GCC_OPTIMIZATION_LEVEL = 0;
				GCC_PREPROCESSOR_DEFINITIONS = (
					"DEBUG=1",
					"$(inherited)",
				);
				GCC_WARN_64_TO_32_BIT_CONVERSION = YES;
				GCC_WARN_ABOUT_RETURN_TYPE = YES_ERROR;
				GCC_WARN_UNDECLARED_SELECTOR = YES;
				GCC_WARN_UNINITIALIZED_AUTOS = YES_AGGRESSIVE;
				GCC_WARN_UNUSED_FUNCTION = YES;
				GCC_WARN_UNUSED_VARIABLE = YES;
				IPHONEOS_DEPLOYMENT_TARGET = 10.1;
				MTL_ENABLE_DEBUG_INFO = YES;
				ONLY_ACTIVE_ARCH = YES;
				SDKROOT = iphoneos;
			};
			name = Debug;
		};
		3450E7841DC9AEA1006DED95 /* Release */ = {
			isa = XCBuildConfiguration;
			buildSettings = {
				ALWAYS_SEARCH_USER_PATHS = NO;
				CLANG_ANALYZER_NONNULL = YES;
				CLANG_CXX_LANGUAGE_STANDARD = "gnu++0x";
				CLANG_CXX_LIBRARY = "libc++";
				CLANG_ENABLE_MODULES = YES;
				CLANG_ENABLE_OBJC_ARC = YES;
				CLANG_WARN_BOOL_CONVERSION = YES;
				CLANG_WARN_CONSTANT_CONVERSION = YES;
				CLANG_WARN_DIRECT_OBJC_ISA_USAGE = YES_ERROR;
				CLANG_WARN_DOCUMENTATION_COMMENTS = YES;
				CLANG_WARN_EMPTY_BODY = YES;
				CLANG_WARN_ENUM_CONVERSION = YES;
				CLANG_WARN_INFINITE_RECURSION = YES;
				CLANG_WARN_INT_CONVERSION = YES;
				CLANG_WARN_OBJC_ROOT_CLASS = YES_ERROR;
				CLANG_WARN_SUSPICIOUS_MOVES = YES;
				CLANG_WARN_UNREACHABLE_CODE = YES;
				CLANG_WARN__DUPLICATE_METHOD_MATCH = YES;
				"CODE_SIGN_IDENTITY[sdk=iphoneos*]" = "iPhone Developer";
				COPY_PHASE_STRIP = NO;
				DEBUG_INFORMATION_FORMAT = "dwarf-with-dsym";
				ENABLE_NS_ASSERTIONS = NO;
				ENABLE_STRICT_OBJC_MSGSEND = YES;
				GCC_C_LANGUAGE_STANDARD = gnu99;
				GCC_NO_COMMON_BLOCKS = YES;
				GCC_WARN_64_TO_32_BIT_CONVERSION = YES;
				GCC_WARN_ABOUT_RETURN_TYPE = YES_ERROR;
				GCC_WARN_UNDECLARED_SELECTOR = YES;
				GCC_WARN_UNINITIALIZED_AUTOS = YES_AGGRESSIVE;
				GCC_WARN_UNUSED_FUNCTION = YES;
				GCC_WARN_UNUSED_VARIABLE = YES;
				IPHONEOS_DEPLOYMENT_TARGET = 10.1;
				MTL_ENABLE_DEBUG_INFO = NO;
				SDKROOT = iphoneos;
				VALIDATE_PRODUCT = YES;
			};
			name = Release;
		};
		3450E7861DC9AEA1006DED95 /* Debug */ = {
			isa = XCBuildConfiguration;
			buildSettings = {
				ASSETCATALOG_COMPILER_APPICON_NAME = AppIcon;
				DEVELOPMENT_TEAM = J6554N9927;
				INFOPLIST_FILE = LZXThreadDemo/Info.plist;
				LD_RUNPATH_SEARCH_PATHS = "$(inherited) @executable_path/Frameworks";
				PRODUCT_BUNDLE_IDENTIFIER = com.hdl.LZXThreadDemo;
				PRODUCT_NAME = "$(TARGET_NAME)";
				TARGETED_DEVICE_FAMILY = "1,2";
			};
			name = Debug;
		};
		3450E7871DC9AEA1006DED95 /* Release */ = {
			isa = XCBuildConfiguration;
			buildSettings = {
				ASSETCATALOG_COMPILER_APPICON_NAME = AppIcon;
				DEVELOPMENT_TEAM = J6554N9927;
				INFOPLIST_FILE = LZXThreadDemo/Info.plist;
				LD_RUNPATH_SEARCH_PATHS = "$(inherited) @executable_path/Frameworks";
				PRODUCT_BUNDLE_IDENTIFIER = com.hdl.LZXThreadDemo;
				PRODUCT_NAME = "$(TARGET_NAME)";
				TARGETED_DEVICE_FAMILY = "1,2";
			};
			name = Release;
		};
/* End XCBuildConfiguration section */

/* Begin XCConfigurationList section */
		3450E7691DC9AEA0006DED95 /* Build configuration list for PBXProject "LZXThreadDemo" */ = {
			isa = XCConfigurationList;
			buildConfigurations = (
				3450E7831DC9AEA1006DED95 /* Debug */,
				3450E7841DC9AEA1006DED95 /* Release */,
			);
			defaultConfigurationIsVisible = 0;
			defaultConfigurationName = Release;
		};
		3450E7851DC9AEA1006DED95 /* Build configuration list for PBXNativeTarget "LZXThreadDemo" */ = {
			isa = XCConfigurationList;
			buildConfigurations = (
				3450E7861DC9AEA1006DED95 /* Debug */,
				3450E7871DC9AEA1006DED95 /* Release */,
			);
			defaultConfigurationIsVisible = 0;
			defaultConfigurationName = Release;
		};
/* End XCConfigurationList section */
	};
	rootObject = 3450E7661DC9AEA0006DED95 /* Project object */;
}
